
Microsoft Visual Studio Solution File, Format Version 12.00
# Visual Studio Version 17
VisualStudioVersion = 17.14.36414.22 d17.14
MinimumVisualStudioVersion = 10.0.40219.1
Project("{FAE04EC0-301F-11D3-BF4B-00C04F79EFBC}") = "FictionalSchool_EF", "FictionalSchool_EF\FictionalSchool_EF.csproj", "{908F4DA1-1BDB-4E6C-A68D-6378322F3026}"
EndProject
Global
	GlobalSection(SolutionConfigurationPlatforms) = preSolution
		Debug|Any CPU = Debug|Any CPU
		Release|Any CPU = Release|Any CPU
	EndGlobalSection
	GlobalSection(ProjectConfigurationPlatforms) = postSolution
		{908F4DA1-1BDB-4E6C-A68D-6378322F3026}.Debug|Any CPU.ActiveCfg = Debug|Any CPU
		{908F4DA1-1BDB-4E6C-A68D-6378322F3026}.Debug|Any CPU.Build.0 = Debug|Any CPU
		{908F4DA1-1BDB-4E6C-A68D-6378322F3026}.Release|Any CPU.ActiveCfg = Release|Any CPU
		{908F4DA1-1BDB-4E6C-A68D-6378322F3026}.Release|Any CPU.Build.0 = Release|Any CPU
	EndGlobalSection
	GlobalSection(SolutionProperties) = preSolution
		HideSolutionNode = FALSE
	EndGlobalSection
	GlobalSection(ExtensibilityGlobals) = postSolution
		SolutionGuid = {E9C0EED7-C0CF-48CF-8909-C2DE6BD991E2}
	EndGlobalSection
EndGlobal
